# This file is @generated by PDM.
# It is not intended for manual editing.

[metadata]
groups = ["default", "dev"]
strategy = ["inherit_metadata"]
lock_version = "4.5.0"
content_hash = "sha256:ca659886751ec73aaae0d66fd0a556af7a2ec77dbb5b040b93c18fdf155fbe47"

[[metadata.targets]]
requires_python = "==3.13.*"

[[package]]
name = "micropython-rp2-pico-w-stubs"
version = "1.20.0.post5"
requires_python = ">=3.8,<4.0"
summary = "MicroPython stubs"
groups = ["dev"]
dependencies = [
    "micropython-stdlib-stubs>=1.1.0",
]
files = [
    {file = "micropython_rp2_pico_w_stubs-1.20.0.post5-py3-none-any.whl", hash = "sha256:91ab52533620c6bc69617d5ea72d74bd96b9b70de64aec645fd26c1bc40c6659"},
    {file = "micropython_rp2_pico_w_stubs-1.20.0.post5.tar.gz", hash = "sha256:ce2bb383baca8b95dbb93280ea0bce5e335a82aa7134af0c2be77a4a6c9f14e0"},
]

[[package]]
name = "micropython-stdlib-stubs"
version = "1.26.0.post3"
requires_python = ">=3.7"
summary = "Micropython stdlib is a reduced and augmented copy of typeshed's stdlib for use by MicroPython stub packages"
groups = ["dev"]
files = [
    {file = "micropython_stdlib_stubs-1.26.0.post3-py3-none-any.whl", hash = "sha256:98a35a1faffeca605a0d38988dd0d98a117c32193db758436c87a08ca278339d"},
]

[[package]]
name = "mpremote"
version = "1.26.1"
requires_python = ">=3.4"
summary = "Tool for interacting remotely with MicroPython devices"
groups = ["dev"]
dependencies = [
    "importlib-metadata>=1.4; python_version < \"3.8\"",
    "platformdirs>=4.3.7",
    "pyserial>=3.3",
]
files = [
    {file = "mpremote-1.26.1-py3-none-any.whl", hash = "sha256:39251644305be718c52bc5965315adc4ae824901750abf6a3fb63683234df05c"},
    {file = "mpremote-1.26.1.tar.gz", hash = "sha256:61a39bf5af502e1ec56d1b28bf067766c3a0daea9d7487934cb472e378a12fe1"},
]

[[package]]
name = "platformdirs"
version = "4.5.0"
requires_python = ">=3.10"
summary = "A small Python package for determining appropriate platform-specific dirs, e.g. a `user data dir`."
groups = ["dev"]
files = [
    {file = "platformdirs-4.5.0-py3-none-any.whl", hash = "sha256:e578a81bb873cbb89a41fcc904c7ef523cc18284b7e3b3ccf06aca1403b7ebd3"},
    {file = "platformdirs-4.5.0.tar.gz", hash = "sha256:70ddccdd7c99fc5942e9fc25636a8b34d04c24b335100223152c2803e4063312"},
]

[[package]]
name = "pyserial"
version = "3.5"
summary = "Python Serial Port Extension"
groups = ["dev"]
files = [
    {file = "pyserial-3.5-py2.py3-none-any.whl", hash = "sha256:c4451db6ba391ca6ca299fb3ec7bae67a5c55dde170964c7a14ceefec02f2cf0"},
    {file = "pyserial-3.5.tar.gz", hash = "sha256:3c77e014170dfffbd816e6ffc205e9842efb10be9f58ec16d3e8675b4925cddb"},
]

[[package]]
name = "ruff"
version = "0.14.6"
requires_python = ">=3.7"
summary = "An extremely fast Python linter and code formatter, written in Rust."
groups = ["dev"]
files = [
    {file = "ruff-0.14.6-py3-none-linux_armv6l.whl", hash = "sha256:d724ac2f1c240dbd01a2ae98db5d1d9a5e1d9e96eba999d1c48e30062df578a3"},
    {file = "ruff-0.14.6-py3-none-macosx_10_12_x86_64.whl", hash = "sha256:9f7539ea257aa4d07b7ce87aed580e485c40143f2473ff2f2b75aee003186004"},
    {file = "ruff-0.14.6-py3-none-macosx_11_0_arm64.whl", hash = "sha256:7f6007e55b90a2a7e93083ba48a9f23c3158c433591c33ee2e99a49b889c6332"},
    {file = "ruff-0.14.6-py3-none-manylinux_2_17_aarch64.manylinux2014_aarch64.whl", hash = "sha256:0a8e7b9d73d8728b68f632aa8e824ef041d068d231d8dbc7808532d3629a6bef"},
    {file = "ruff-0.14.6-py3-none-manylinux_2_17_armv7l.manylinux2014_armv7l.whl", hash = "sha256:d50d45d4553a3ebcbd33e7c5e0fe6ca4aafd9a9122492de357205c2c48f00775"},
    {file = "ruff-0.14.6-py3-none-manylinux_2_17_i686.manylinux2014_i686.whl", hash = "sha256:118548dd121f8a21bfa8ab2c5b80e5b4aed67ead4b7567790962554f38e598ce"},
    {file = "ruff-0.14.6-py3-none-manylinux_2_17_ppc64.manylinux2014_ppc64.whl", hash = "sha256:57256efafbfefcb8748df9d1d766062f62b20150691021f8ab79e2d919f7c11f"},
    {file = "ruff-0.14.6-py3-none-manylinux_2_17_ppc64le.manylinux2014_ppc64le.whl", hash = "sha256:ff18134841e5c68f8e5df1999a64429a02d5549036b394fafbe410f886e1989d"},
    {file = "ruff-0.14.6-py3-none-manylinux_2_17_s390x.manylinux2014_s390x.whl", hash = "sha256:29c4b7ec1e66a105d5c27bd57fa93203637d66a26d10ca9809dc7fc18ec58440"},
    {file = "ruff-0.14.6-py3-none-manylinux_2_17_x86_64.manylinux2014_x86_64.whl", hash = "sha256:167843a6f78680746d7e226f255d920aeed5e4ad9c03258094a2d49d3028b105"},
    {file = "ruff-0.14.6-py3-none-manylinux_2_31_riscv64.whl", hash = "sha256:16a33af621c9c523b1ae006b1b99b159bf5ac7e4b1f20b85b2572455018e0821"},
    {file = "ruff-0.14.6-py3-none-musllinux_1_2_aarch64.whl", hash = "sha256:1432ab6e1ae2dc565a7eea707d3b03a0c234ef401482a6f1621bc1f427c2ff55"},
    {file = "ruff-0.14.6-py3-none-musllinux_1_2_armv7l.whl", hash = "sha256:4c55cfbbe7abb61eb914bfd20683d14cdfb38a6d56c6c66efa55ec6570ee4e71"},
    {file = "ruff-0.14.6-py3-none-musllinux_1_2_i686.whl", hash = "sha256:efea3c0f21901a685fff4befda6d61a1bf4cb43de16da87e8226a281d614350b"},
    {file = "ruff-0.14.6-py3-none-musllinux_1_2_x86_64.whl", hash = "sha256:344d97172576d75dc6afc0e9243376dbe1668559c72de1864439c4fc95f78185"},
    {file = "ruff-0.14.6-py3-none-win32.whl", hash = "sha256:00169c0c8b85396516fdd9ce3446c7ca20c2a8f90a77aa945ba6b8f2bfe99e85"},
    {file = "ruff-0.14.6-py3-none-win_amd64.whl", hash = "sha256:390e6480c5e3659f8a4c8d6a0373027820419ac14fa0d2713bd8e6c3e125b8b9"},
    {file = "ruff-0.14.6-py3-none-win_arm64.whl", hash = "sha256:d43c81fbeae52cfa8728d8766bbf46ee4298c888072105815b392da70ca836b2"},
    {file = "ruff-0.14.6.tar.gz", hash = "sha256:6f0c742ca6a7783a736b867a263b9a7a80a45ce9bee391eeda296895f1b4e1cc"},
]
